
Microsoft Visual Studio Solution File, Format Version 12.00
# Visual Studio 15
VisualStudioVersion = 15.0.28010.2026
MinimumVisualStudioVersion = 10.0.40219.1
Project("{FAE04EC0-301F-11D3-BF4B-00C04F79EFBC}") = "CasaEcologieSysInfo", "CasaEcologieSysInfo\CasaEcologieSysInfo.csproj", "{9A66A3C2-33B4-4B48-90B1-D3211BE1ACB4}"
EndProject
Global
	GlobalSection(SolutionConfigurationPlatforms) = preSolution
		Debug|Any CPU = Debug|Any CPU
		Release|Any CPU = Release|Any CPU
	EndGlobalSection
	GlobalSection(ProjectConfigurationPlatforms) = postSolution
		{9A66A3C2-33B4-4B48-90B1-D3211BE1ACB4}.Debug|Any CPU.ActiveCfg = Debug|Any CPU
		{9A66A3C2-33B4-4B48-90B1-D3211BE1ACB4}.Debug|Any CPU.Build.0 = Debug|Any CPU
		{9A66A3C2-33B4-4B48-90B1-D3211BE1ACB4}.Release|Any CPU.ActiveCfg = Release|Any CPU
		{9A66A3C2-33B4-4B48-90B1-D3211BE1ACB4}.Release|Any CPU.Build.0 = Release|Any CPU
	EndGlobalSection
	GlobalSection(SolutionProperties) = preSolution
		HideSolutionNode = FALSE
	EndGlobalSection
	GlobalSection(ExtensibilityGlobals) = postSolution
		SolutionGuid = {4EB06E5C-CC99-405C-BD96-083A5C1D5347}
	EndGlobalSection
EndGlobal
